schema: '2.0'
stages:
  streams:
    cmd: python src/streams.py
    deps:
    - path: data/interim
      hash: md5
      md5: 60504bce6c528011f85345c338f75015.dir
      size: 217164296
      nfiles: 2
    - path: src/streams.py
      hash: md5
      md5: 9d2e2e16c545dc6d6c3b9121e9d61e2b
      size: 3958
    params:
      params.yaml:
        seed: 42
        streams:
          num_shuffles: 10
    outs:
    - path: data/streams
      hash: md5
      md5: d35dc65dfd72ccbf73de85a194b5521f.dir
      size: 8625421
      nfiles: 3
  fertility:
    cmd: python src/fertility.py
    deps:
    - path: data/interim
      hash: md5
      md5: 60504bce6c528011f85345c338f75015.dir
      size: 217164296
      nfiles: 2
    - path: data/streams
      hash: md5
      md5: d35dc65dfd72ccbf73de85a194b5521f.dir
      size: 8625421
      nfiles: 3
    - path: src/fertility.py
      hash: md5
      md5: ccead33ee92dd77679e100344ddec9b5
      size: 60300
    params:
      params.yaml:
        tokenizers:
        - bert-base-multilingual-cased
        - xlm-roberta-base
        - meta-llama/Llama-3.2-1B
        - Qwen/Qwen2.5-0.5B
        - bigscience/bloom-560m
        window:
          words_per_window: 2000
          calibration_fraction: 0.1
          vocab_fraction: 0.05
          reference_fraction: 0.05
    outs:
    - path: features/fertility
      hash: md5
      md5: fffd6e8a2eaa98e9b3fce50b75775790.dir
      size: 12184948
      nfiles: 10
    - path: features/windows
      hash: md5
      md5: 6e288bb0ce8c9d409152ef174132b0f4.dir
      size: 134848740
      nfiles: 61
  prepare:
    cmd: python src/prepare.py --lang bn --params params.yaml
    deps:
    - path: data/raw/bn_potrika
      hash: md5
      md5: d2253f905c1d17dede543f972b705995.dir
      size: 4282557755
      nfiles: 71
    - path: src/prepare.py
      hash: md5
      md5: ad355e0af194f97240418e77bd4fdb69
      size: 23082
    params:
      params.yaml:
        bn:
          raw_dir: data/raw/bn_potrika/RawDataset
          panel_publishers:
          - Inqilab
          - Jugantor
          - Kaler Kontho
          panel_start: 2016-01
          panel_end: 2020-12
        data:
          max_docs_per_language: 100000
          min_doc_words: 50
          top_k_publishers: 3
          languages:
          - bn
          - en
          - hi
          - ar
          - uk
        seed: 42
    outs:
    - path: data/interim
      hash: md5
      md5: 60504bce6c528011f85345c338f75015.dir
      size: 217164296
      nfiles: 2
  detect:
    cmd: python src/detect.py --params params.yaml
    deps:
    - path: features/windows
      hash: md5
      md5: 6e288bb0ce8c9d409152ef174132b0f4.dir
      size: 134848740
      nfiles: 61
    - path: src/detect.py
      hash: md5
      md5: 5f12f491d96b0998188e2b030f3a3cd2
      size: 150658
    params:
      params.yaml:
        detect:
          changepoint: '2020-03-08'
          covid_window_days: 60
          signals:
          - S1
          - S1c
          - S3
          - S4
          - S7
        window:
          words_per_window: 2000
          calibration_fraction: 0.1
          vocab_fraction: 0.05
          reference_fraction: 0.05
    outs:
    - path: results/calibration.json
      hash: md5
      md5: 6b2df2b72d0791d9fb82c0699f232140
      size: 47958
    - path: results/detection_metrics.json
      hash: md5
      md5: ef55efdc72ac55f4224cdae0c9ed48b0
      size: 75719
  classify:
    cmd: python src/classifier.py --params params.yaml
    deps:
    - path: data/interim
      hash: md5
      md5: 60504bce6c528011f85345c338f75015.dir
      size: 217164296
      nfiles: 2
    - path: features/windows
      hash: md5
      md5: 6e288bb0ce8c9d409152ef174132b0f4.dir
      size: 134848740
      nfiles: 61
    - path: src/classifier.py
      hash: md5
      md5: 7e65e5baa1aae2c8d33a072ee0ae20d4
      size: 10344
    params:
      params.yaml:
        classifier:
          n_features: 262144
          learning_rate: 0.5
          targets:
          - publisher
          - topic
    outs:
    - path: features/classifier
      hash: md5
      md5: caff2cc8752e47180aacabfe95f853f7.dir
      size: 4536802
      nfiles: 34
  embed:
    cmd: python src/embeddings.py --params params.yaml
    deps:
    - path: data/interim
      hash: md5
      md5: 60504bce6c528011f85345c338f75015.dir
      size: 217164296
      nfiles: 2
    - path: src/embeddings.py
      hash: md5
      md5: 34ab33219325e58ef0dbf5fc6dbb6ed7
      size: 8122
    params:
      params.yaml:
        embeddings:
          model: sentence-transformers/LaBSE
          max_seq_length: 256
          batch_size: 64
          ref_pool_size: 2000
          max_docs_per_window: 200
          encode_budget_min: 60
          subsample_docs: 40000
    outs:
    - path: features/embeddings
      hash: md5
      md5: c304b3d3dbc4f7ab4d302c508f30e233.dir
      size: 156989646
      nfiles: 12
